
Microsoft Visual Studio Solution File, Format Version 12.00
# Visual Studio Version 16
VisualStudioVersion = 16.0.30002.166
MinimumVisualStudioVersion = 10.0.40219.1
Project("{FAE04EC0-301F-11D3-BF4B-00C04F79EFBC}") = "juegoInteractivo", "juegoInteractivo\juegoInteractivo.csproj", "{2CEAA129-064C-42E3-B750-DBA8A8DEFA58}"
EndProject
Global
	GlobalSection(SolutionConfigurationPlatforms) = preSolution
		Debug|Any CPU = Debug|Any CPU
		Release|Any CPU = Release|Any CPU
	EndGlobalSection
	GlobalSection(ProjectConfigurationPlatforms) = postSolution
		{2CEAA129-064C-42E3-B750-DBA8A8DEFA58}.Debug|Any CPU.ActiveCfg = Debug|Any CPU
		{2CEAA129-064C-42E3-B750-DBA8A8DEFA58}.Debug|Any CPU.Build.0 = Debug|Any CPU
		{2CEAA129-064C-42E3-B750-DBA8A8DEFA58}.Release|Any CPU.ActiveCfg = Release|Any CPU
		{2CEAA129-064C-42E3-B750-DBA8A8DEFA58}.Release|Any CPU.Build.0 = Release|Any CPU
	EndGlobalSection
	GlobalSection(SolutionProperties) = preSolution
		HideSolutionNode = FALSE
	EndGlobalSection
	GlobalSection(ExtensibilityGlobals) = postSolution
		SolutionGuid = {1CA0C488-EF6D-41AB-8466-1FA7AEDC0FA4}
	EndGlobalSection
EndGlobal
