
Microsoft Visual Studio Solution File, Format Version 12.00
# Visual Studio Version 16
VisualStudioVersion = 16.0.29926.136
MinimumVisualStudioVersion = 10.0.40219.1
Project("{FAE04EC0-301F-11D3-BF4B-00C04F79EFBC}") = "Transporte", "Transporte\Transporte.csproj", "{82FA7C1F-22E2-410C-A80C-F55C4CFE87D1}"
EndProject
Global
	GlobalSection(SolutionConfigurationPlatforms) = preSolution
		Debug|Any CPU = Debug|Any CPU
		Release|Any CPU = Release|Any CPU
	EndGlobalSection
	GlobalSection(ProjectConfigurationPlatforms) = postSolution
		{82FA7C1F-22E2-410C-A80C-F55C4CFE87D1}.Debug|Any CPU.ActiveCfg = Debug|Any CPU
		{82FA7C1F-22E2-410C-A80C-F55C4CFE87D1}.Debug|Any CPU.Build.0 = Debug|Any CPU
		{82FA7C1F-22E2-410C-A80C-F55C4CFE87D1}.Release|Any CPU.ActiveCfg = Release|Any CPU
		{82FA7C1F-22E2-410C-A80C-F55C4CFE87D1}.Release|Any CPU.Build.0 = Release|Any CPU
	EndGlobalSection
	GlobalSection(SolutionProperties) = preSolution
		HideSolutionNode = FALSE
	EndGlobalSection
	GlobalSection(ExtensibilityGlobals) = postSolution
		SolutionGuid = {6FCF82B9-4F8A-47E6-904E-9F307C7E025D}
	EndGlobalSection
EndGlobal
